dependencies:
- name: lws
  repository: oci://registry.k8s.io/lws/charts
  version: 0.6.1
- name: open-webui
  repository: https://helm.openwebui.com
  version: 6.4.0
- name: gateway-helm
  repository: oci://registry-1.docker.io/envoyproxy
  version: v1.4.0
- name: ai-gateway-helm
  repository: oci://registry-1.docker.io/envoyproxy
  version: v0.1.5
digest: sha256:0ec1b490fc7cd028186811c1776f786b16b5f55faf93cfdf2a04c24b1ba08bdb
generated: "2025-05-20T21:08:50.138833832+08:00"
