dependencies:
- name: lws
  repository: oci://registry.k8s.io/lws/charts
  version: 0.6.1
- name: open-webui
  repository: https://helm.openwebui.com
  version: 6.4.0
- name: gateway-helm
  repository: oci://registry-1.docker.io/envoyproxy
  version: 0.0.0-latest
- name: ai-gateway-helm
  repository: oci://registry-1.docker.io/envoyproxy
  version: v0.0.0-latest
digest: sha256:c38d3f50113d621f6ed8ce25d39b6f8253aa771a079eca4ea6321af865b0215b
generated: "2025-05-09T18:36:57.472144+08:00"
