dependencies:
- name: lws
  repository: oci://registry.k8s.io/lws/charts
  version: 0.6.2
- name: kube-scheduler
  repository: oci://registry-1.docker.io/inftyai
  version: 0.0.1
- name: open-webui
  repository: https://helm.openwebui.com
  version: 6.4.0
- name: gateway-helm
  repository: oci://registry-1.docker.io/envoyproxy
  version: v1.4.0
- name: ai-gateway-helm
  repository: oci://registry-1.docker.io/envoyproxy
  version: v0.1.5
digest: sha256:d4ca67d95b86b66af01991f1a2eab307db36ebd9a627f06581c0292e10cad259
generated: "2025-06-17T11:08:57.411227+08:00"
